
Microsoft Visual Studio Solution File, Format Version 12.00
# Visual Studio 2015
Project("{FAE04EC0-301F-11D3-BF4B-00C04F79EFBC}") = "project78", "project78.csproj", "{729FFF96-C4B0-0308-4158-0E7F30A40044}"
EndProject
Global
	GlobalSection(SolutionConfigurationPlatforms) = preSolution
		Debug|Any CPU = Debug|Any CPU
		Release|Any CPU = Release|Any CPU
	EndGlobalSection
	GlobalSection(ProjectConfigurationPlatforms) = postSolution
		{729FFF96-C4B0-0308-4158-0E7F30A40044}.Debug|Any CPU.ActiveCfg = Debug|Any CPU
		{729FFF96-C4B0-0308-4158-0E7F30A40044}.Debug|Any CPU.Build.0 = Debug|Any CPU
		{729FFF96-C4B0-0308-4158-0E7F30A40044}.Release|Any CPU.ActiveCfg = Release|Any CPU
		{729FFF96-C4B0-0308-4158-0E7F30A40044}.Release|Any CPU.Build.0 = Release|Any CPU
	EndGlobalSection
	GlobalSection(SolutionProperties) = preSolution
		HideSolutionNode = FALSE
	EndGlobalSection
EndGlobal
